{
  "name": "@clevercanyon/to-regex-range.fork",
  "version": "5.0.5",
  "lockfileVersion": 2,
  "requires": true,
  "packages": {
    "": {
      "name": "@clevercanyon/to-regex-range.fork",
      "version": "5.0.5",
      "license": "MIT",
      "dependencies": {
        "is-number": "npm:@clevercanyon/is-number.fork@^7.0.0"
      },
      "devDependencies": {},
      "funding": {
        "url": "https://github.com/sponsors/clevercanyon"
      }
    },
    "node_modules/is-number": {
      "name": "@clevercanyon/is-number.fork",
      "version": "7.0.3",
      "resolved": "https://registry.npmjs.org/@clevercanyon/is-number.fork/-/is-number.fork-7.0.3.tgz",
      "integrity": "sha512-yJvJsQ0NoXanWsAhZ/huqm3p0OtN4AmgilDXxzTSquHoydFG4oIyjMCmeBQsbp9G2/ah25Xvl1BzxO/luRlGjw==",
      "funding": {
        "url": "https://github.com/sponsors/clevercanyon"
      }
    }
  },
  "dependencies": {
    "is-number": {
      "version": "npm:@clevercanyon/is-number.fork@7.0.3",
      "resolved": "https://registry.npmjs.org/@clevercanyon/is-number.fork/-/is-number.fork-7.0.3.tgz",
      "integrity": "sha512-yJvJsQ0NoXanWsAhZ/huqm3p0OtN4AmgilDXxzTSquHoydFG4oIyjMCmeBQsbp9G2/ah25Xvl1BzxO/luRlGjw=="
    }
  }
}
