{
  "name": "@clevercanyon/to-regex-range.fork",
  "version": "5.0.2",
  "lockfileVersion": 2,
  "requires": true,
  "packages": {
    "": {
      "name": "@clevercanyon/to-regex-range.fork",
      "version": "5.0.2",
      "license": "MIT",
      "dependencies": {
        "is-number": "npm:@clevercanyon/is-number.fork@^7.0.0"
      },
      "devDependencies": {},
      "funding": {
        "url": "https://github.com/sponsors/clevercanyon"
      }
    },
    "node_modules/is-number": {
      "name": "@clevercanyon/is-number.fork",
      "version": "7.0.1",
      "resolved": "https://npm.pkg.github.com/download/@clevercanyon/is-number.fork/7.0.1/d0bb3f60beb9420b0fc294ac8992125e19813d60",
      "integrity": "sha512-4CpzWCpAg0lKeTtIQKJPVO12XJhZeqLtMfgzBEt31CtXufkW+yOrON2rQbREzwIiA5RzTRDD5MINtBmthgmwUQ==",
      "license": "MIT"
    }
  },
  "dependencies": {
    "is-number": {
      "version": "npm:@clevercanyon/is-number.fork@7.0.1",
      "resolved": "https://npm.pkg.github.com/download/@clevercanyon/is-number.fork/7.0.1/d0bb3f60beb9420b0fc294ac8992125e19813d60",
      "integrity": "sha512-4CpzWCpAg0lKeTtIQKJPVO12XJhZeqLtMfgzBEt31CtXufkW+yOrON2rQbREzwIiA5RzTRDD5MINtBmthgmwUQ=="
    }
  }
}
